// !$*UTF8*$!
{
	archiveVersion = 1;
	classes = {
	};
	objectVersion = 48;
	objects = {

/* Begin PBXBuildFile section */
		5DD437841F7ECFF700D4CE2E /* AppDelegate.swift in Sources */ = {isa = PBXBuildFile; fileRef = 5DD437831F7ECFF700D4CE2E /* AppDelegate.swift */; };
		5DD437861F7ECFF700D4CE2E /* ViewController.swift in Sources */ = {isa = PBXBuildFile; fileRef = 5DD437851F7ECFF700D4CE2E /* ViewController.swift */; };
		5DD437891F7ECFF700D4CE2E /* Main.storyboard in Resources */ = {isa = PBXBuildFile; fileRef = 5DD437871F7ECFF700D4CE2E /* Main.storyboard */; };
		5DD4378B1F7ECFF700D4CE2E /* Assets.xcassets in Resources */ = {isa = PBXBuildFile; fileRef = 5DD4378A1F7ECFF700D4CE2E /* Assets.xcassets */; };
		5DD4378E1F7ECFF700D4CE2E /* LaunchScreen.storyboard in Resources */ = {isa = PBXBuildFile; fileRef = 5DD4378C1F7ECFF700D4CE2E /* LaunchScreen.storyboard */; };
/* End PBXBuildFile section */

/* Begin PBXFileReference section */
		5DD437801F7ECFF700D4CE2E /* Animal Sound 2.app */ = {isa = PBXFileReference; explicitFileType = wrapper.application; includeInIndex = 0; path = "Animal Sound 2.app"; sourceTree = BUILT_PRODUCTS_DIR; };
		5DD437831F7ECFF700D4CE2E /* AppDelegate.swift */ = {isa = PBXFileReference; lastKnownFileType = sourcecode.swift; path = AppDelegate.swift; sourceTree = "<group>"; };
		5DD437851F7ECFF700D4CE2E /* ViewController.swift */ = {isa = PBXFileReference; lastKnownFileType = sourcecode.swift; path = ViewController.swift; sourceTree = "<group>"; };
		5DD437881F7ECFF700D4CE2E /* Base */ = {isa = PBXFileReference; lastKnownFileType = file.storyboard; name = Base; path = Base.lproj/Main.storyboard; sourceTree = "<group>"; };
		5DD4378A1F7ECFF700D4CE2E /* Assets.xcassets */ = {isa = PBXFileReference; lastKnownFileType = folder.assetcatalog; path = Assets.xcassets; sourceTree = "<group>"; };
		5DD4378D1F7ECFF700D4CE2E /* Base */ = {isa = PBXFileReference; lastKnownFileType = file.storyboard; name = Base; path = Base.lproj/LaunchScreen.storyboard; sourceTree = "<group>"; };
		5DD4378F1F7ECFF700D4CE2E /* Info.plist */ = {isa = PBXFileReference; lastKnownFileType = text.plist.xml; path = Info.plist; sourceTree = "<group>"; };
/* End PBXFileReference section */

/* Begin PBXFrameworksBuildPhase section */
		5DD4377D1F7ECFF700D4CE2E /* Frameworks */ = {
			isa = PBXFrameworksBuildPhase;
			buildActionMask = 2147483647;
			files = (
			);
			runOnlyForDeploymentPostprocessing = 0;
		};
/* End PBXFrameworksBuildPhase section */

/* Begin PBXGroup section */
		5DD437771F7ECFF700D4CE2E = {
			isa = PBXGroup;
			children = (
				5DD437821F7ECFF700D4CE2E /* Animal Sound 2 */,
				5DD437811F7ECFF700D4CE2E /* Products */,
			);
			sourceTree = "<group>";
		};
		5DD437811F7ECFF700D4CE2E /* Products */ = {
			isa = PBXGroup;
			children = (
				5DD437801F7ECFF700D4CE2E /* Animal Sound 2.app */,
			);
			name = Products;
			sourceTree = "<group>";
		};
		5DD437821F7ECFF700D4CE2E /* Animal Sound 2 */ = {
			isa = PBXGroup;
			children = (
				5DD437831F7ECFF700D4CE2E /* AppDelegate.swift */,
				5DD437851F7ECFF700D4CE2E /* ViewController.swift */,
				5DD437871F7ECFF700D4CE2E /* Main.storyboard */,
				5DD4378A1F7ECFF700D4CE2E /* Assets.xcassets */,
				5DD4378C1F7ECFF700D4CE2E /* LaunchScreen.storyboard */,
				5DD4378F1F7ECFF700D4CE2E /* Info.plist */,
			);
			path = "Animal Sound 2";
			sourceTree = "<group>";
		};
/* End PBXGroup section */

/* Begin PBXNativeTarget section */
		5DD4377F1F7ECFF700D4CE2E /* Animal Sound 2 */ = {
			isa = PBXNativeTarget;
			buildConfigurationList = 5DD437921F7ECFF700D4CE2E /* Build configuration list for PBXNativeTarget "Animal Sound 2" */;
			buildPhases = (
				5DD4377C1F7ECFF700D4CE2E /* Sources */,
				5DD4377D1F7ECFF700D4CE2E /* Frameworks */,
				5DD4377E1F7ECFF700D4CE2E /* Resources */,
			);
			buildRules = (
			);
			dependencies = (
			);
			name = "Animal Sound 2";
			productName = "Animal Sound 2";
			productReference = 5DD437801F7ECFF700D4CE2E /* Animal Sound 2.app */;
			productType = "com.apple.product-type.application";
		};
/* End PBXNativeTarget section */

/* Begin PBXProject section */
		5DD437781F7ECFF700D4CE2E /* Project object */ = {
			isa = PBXProject;
			attributes = {
				LastSwiftUpdateCheck = 0900;
				LastUpgradeCheck = 0900;
				ORGANIZATIONNAME = "Chase Owens";
				TargetAttributes = {
					5DD4377F1F7ECFF700D4CE2E = {
						CreatedOnToolsVersion = 9.0;
						ProvisioningStyle = Automatic;
					};
				};
			};
			buildConfigurationList = 5DD4377B1F7ECFF700D4CE2E /* Build configuration list for PBXProject "Animal Sound 2" */;
			compatibilityVersion = "Xcode 8.0";
			developmentRegion = en;
			hasScannedForEncodings = 0;
			knownRegions = (
				en,
				Base,
			);
			mainGroup = 5DD437771F7ECFF700D4CE2E;
			productRefGroup = 5DD437811F7ECFF700D4CE2E /* Products */;
			projectDirPath = "";
			projectRoot = "";
			targets = (
				5DD4377F1F7ECFF700D4CE2E /* Animal Sound 2 */,
			);
		};
/* End PBXProject section */

/* Begin PBXResourcesBuildPhase section */
		5DD4377E1F7ECFF700D4CE2E /* Resources */ = {
			isa = PBXResourcesBuildPhase;
			buildActionMask = 2147483647;
			files = (
				5DD4378E1F7ECFF700D4CE2E /* LaunchScreen.storyboard in Resources */,
				5DD4378B1F7ECFF700D4CE2E /* Assets.xcassets in Resources */,
				5DD437891F7ECFF700D4CE2E /* Main.storyboard in Resources */,
			);
			runOnlyForDeploymentPostprocessing = 0;
		};
/* End PBXResourcesBuildPhase section */

/* Begin PBXSourcesBuildPhase section */
		5DD4377C1F7ECFF700D4CE2E /* Sources */ = {
			isa = PBXSourcesBuildPhase;
			buildActionMask = 2147483647;
			files = (
				5DD437861F7ECFF700D4CE2E /* ViewController.swift in Sources */,
				5DD437841F7ECFF700D4CE2E /* AppDelegate.swift in Sources */,
			);
			runOnlyForDeploymentPostprocessing = 0;
		};
/* End PBXSourcesBuildPhase section */

/* Begin PBXVariantGroup section */
		5DD437871F7ECFF700D4CE2E /* Main.storyboard */ = {
			isa = PBXVariantGroup;
			children = (
				5DD437881F7ECFF700D4CE2E /* Base */,
			);
			name = Main.storyboard;
			sourceTree = "<group>";
		};
		5DD4378C1F7ECFF700D4CE2E /* LaunchScreen.storyboard */ = {
			isa = PBXVariantGroup;
			children = (
				5DD4378D1F7ECFF700D4CE2E /* Base */,
			);
			name = LaunchScreen.storyboard;
			sourceTree = "<group>";
		};
/* End PBXVariantGroup section */

/* Begin XCBuildConfiguration section */
		5DD437901F7ECFF700D4CE2E /* Debug */ = {
			isa = XCBuildConfiguration;
			buildSettings = {
				ALWAYS_SEARCH_USER_PATHS = NO;
				CLANG_ANALYZER_NONNULL = YES;
				CLANG_ANALYZER_NUMBER_OBJECT_CONVERSION = YES_AGGRESSIVE;
				CLANG_CXX_LANGUAGE_STANDARD = "gnu++14";
				CLANG_CXX_LIBRARY = "libc++";
				CLANG_ENABLE_MODULES = YES;
				CLANG_ENABLE_OBJC_ARC = YES;
				CLANG_WARN_BLOCK_CAPTURE_AUTORELEASING = YES;
				CLANG_WARN_BOOL_CONVERSION = YES;
				CLANG_WARN_COMMA = YES;
				CLANG_WARN_CONSTANT_CONVERSION = YES;
				CLANG_WARN_DIRECT_OBJC_ISA_USAGE = YES_ERROR;
				CLANG_WARN_DOCUMENTATION_COMMENTS = YES;
				CLANG_WARN_EMPTY_BODY = YES;
				CLANG_WARN_ENUM_CONVERSION = YES;
				CLANG_WARN_INFINITE_RECURSION = YES;
				CLANG_WARN_INT_CONVERSION = YES;
				CLANG_WARN_NON_LITERAL_NULL_CONVERSION = YES;
				CLANG_WARN_OBJC_LITERAL_CONVERSION = YES;
				CLANG_WARN_OBJC_ROOT_CLASS = YES_ERROR;
				CLANG_WARN_RANGE_LOOP_ANALYSIS = YES;
				CLANG_WARN_STRICT_PROTOTYPES = YES;
				CLANG_WARN_SUSPICIOUS_MOVE = YES;
				CLANG_WARN_UNGUARDED_AVAILABILITY = YES_AGGRESSIVE;
				CLANG_WARN_UNREACHABLE_CODE = YES;
				CLANG_WARN__DUPLICATE_METHOD_MATCH = YES;
				CODE_SIGN_IDENTITY = "iPhone Developer";
				COPY_PHASE_STRIP = NO;
				DEBUG_INFORMATION_FORMAT = dwarf;
				ENABLE_STRICT_OBJC_MSGSEND = YES;
				ENABLE_TESTABILITY = YES;
				GCC_C_LANGUAGE_STANDARD = gnu11;
				GCC_DYNAMIC_NO_PIC = NO;
				GCC_NO_COMMON_BLOCKS = YES;
				GCC_OPTIMIZATION_LEVEL = 0;
				GCC_PREPROCESSOR_DEFINITIONS = (
					"DEBUG=1",
					"$(inherited)",
				);
				GCC_WARN_64_TO_32_BIT_CONVERSION = YES;
				GCC_WARN_ABOUT_RETURN_TYPE = YES_ERROR;
				GCC_WARN_UNDECLARED_SELECTOR = YES;
				GCC_WARN_UNINITIALIZED_AUTOS = YES_AGGRESSIVE;
				GCC_WARN_UNUSED_FUNCTION = YES;
				GCC_WARN_UNUSED_VARIABLE = YES;
				IPHONEOS_DEPLOYMENT_TARGET = 11.0;
				MTL_ENABLE_DEBUG_INFO = YES;
				ONLY_ACTIVE_ARCH = YES;
				SDKROOT = iphoneos;
				SWIFT_ACTIVE_COMPILATION_CONDITIONS = DEBUG;
				SWIFT_OPTIMIZATION_LEVEL = "-Onone";
			};
			name = Debug;
		};
		5DD437911F7ECFF700D4CE2E /* Release */ = {
			isa = XCBuildConfiguration;
			buildSettings = {
				ALWAYS_SEARCH_USER_PATHS = NO;
				CLANG_ANALYZER_NONNULL = YES;
				CLANG_ANALYZER_NUMBER_OBJECT_CONVERSION = YES_AGGRESSIVE;
				CLANG_CXX_LANGUAGE_STANDARD = "gnu++14";
				CLANG_CXX_LIBRARY = "libc++";
				CLANG_ENABLE_MODULES = YES;
				CLANG_ENABLE_OBJC_ARC = YES;
				CLANG_WARN_BLOCK_CAPTURE_AUTORELEASING = YES;
				CLANG_WARN_BOOL_CONVERSION = YES;
				CLANG_WARN_COMMA = YES;
				CLANG_WARN_CONSTANT_CONVERSION = YES;
				CLANG_WARN_DIRECT_OBJC_ISA_USAGE = YES_ERROR;
				CLANG_WARN_DOCUMENTATION_COMMENTS = YES;
				CLANG_WARN_EMPTY_BODY = YES;
				CLANG_WARN_ENUM_CONVERSION = YES;
				CLANG_WARN_INFINITE_RECURSION = YES;
				CLANG_WARN_INT_CONVERSION = YES;
				CLANG_WARN_NON_LITERAL_NULL_CONVERSION = YES;
				CLANG_WARN_OBJC_LITERAL_CONVERSION = YES;
				CLANG_WARN_OBJC_ROOT_CLASS = YES_ERROR;
				CLANG_WARN_RANGE_LOOP_ANALYSIS = YES;
				CLANG_WARN_STRICT_PROTOTYPES = YES;
				CLANG_WARN_SUSPICIOUS_MOVE = YES;
				CLANG_WARN_UNGUARDED_AVAILABILITY = YES_AGGRESSIVE;
				CLANG_WARN_UNREACHABLE_CODE = YES;
				CLANG_WARN__DUPLICATE_METHOD_MATCH = YES;
				CODE_SIGN_IDENTITY = "iPhone Developer";
				COPY_PHASE_STRIP = NO;
				DEBUG_INFORMATION_FORMAT = "dwarf-with-dsym";
				ENABLE_NS_ASSERTIONS = NO;
				ENABLE_STRICT_OBJC_MSGSEND = YES;
				GCC_C_LANGUAGE_STANDARD = gnu11;
				GCC_NO_COMMON_BLOCKS = YES;
				GCC_WARN_64_TO_32_BIT_CONVERSION = YES;
				GCC_WARN_ABOUT_RETURN_TYPE = YES_ERROR;
				GCC_WARN_UNDECLARED_SELECTOR = YES;
				GCC_WARN_UNINITIALIZED_AUTOS = YES_AGGRESSIVE;
				GCC_WARN_UNUSED_FUNCTION = YES;
				GCC_WARN_UNUSED_VARIABLE = YES;
				IPHONEOS_DEPLOYMENT_TARGET = 11.0;
				MTL_ENABLE_DEBUG_INFO = NO;
				SDKROOT = iphoneos;
				SWIFT_OPTIMIZATION_LEVEL = "-Owholemodule";
				VALIDATE_PRODUCT = YES;
			};
			name = Release;
		};
		5DD437931F7ECFF700D4CE2E /* Debug */ = {
			isa = XCBuildConfiguration;
			buildSettings = {
				ASSETCATALOG_COMPILER_APPICON_NAME = AppIcon;
				CODE_SIGN_STYLE = Automatic;
				INFOPLIST_FILE = "Animal Sound 2/Info.plist";
				LD_RUNPATH_SEARCH_PATHS = "$(inherited) @executable_path/Frameworks";
				PRODUCT_BUNDLE_IDENTIFIER = "com.example.Animal-Sound-2";
				PRODUCT_NAME = "$(TARGET_NAME)";
				SWIFT_VERSION = 4.0;
				TARGETED_DEVICE_FAMILY = "1,2";
			};
			name = Debug;
		};
		5DD437941F7ECFF700D4CE2E /* Release */ = {
			isa = XCBuildConfiguration;
			buildSettings = {
				ASSETCATALOG_COMPILER_APPICON_NAME = AppIcon;
				CODE_SIGN_STYLE = Automatic;
				INFOPLIST_FILE = "Animal Sound 2/Info.plist";
				LD_RUNPATH_SEARCH_PATHS = "$(inherited) @executable_path/Frameworks";
				PRODUCT_BUNDLE_IDENTIFIER = "com.example.Animal-Sound-2";
				PRODUCT_NAME = "$(TARGET_NAME)";
				SWIFT_VERSION = 4.0;
				TARGETED_DEVICE_FAMILY = "1,2";
			};
			name = Release;
		};
/* End XCBuildConfiguration section */

/* Begin XCConfigurationList section */
		5DD4377B1F7ECFF700D4CE2E /* Build configuration list for PBXProject "Animal Sound 2" */ = {
			isa = XCConfigurationList;
			buildConfigurations = (
				5DD437901F7ECFF700D4CE2E /* Debug */,
				5DD437911F7ECFF700D4CE2E /* Release */,
			);
			defaultConfigurationIsVisible = 0;
			defaultConfigurationName = Release;
		};
		5DD437921F7ECFF700D4CE2E /* Build configuration list for PBXNativeTarget "Animal Sound 2" */ = {
			isa = XCConfigurationList;
			buildConfigurations = (
				5DD437931F7ECFF700D4CE2E /* Debug */,
				5DD437941F7ECFF700D4CE2E /* Release */,
			);
			defaultConfigurationIsVisible = 0;
			defaultConfigurationName = Release;
		};
/* End XCConfigurationList section */
	};
	rootObject = 5DD437781F7ECFF700D4CE2E /* Project object */;
}
